
Microsoft Visual Studio Solution File, Format Version 12.00
# Visual Studio Version 16
VisualStudioVersion = 16.0.29709.97
MinimumVisualStudioVersion = 10.0.40219.1
Project("{FAE04EC0-301F-11D3-BF4B-00C04F79EFBC}") = "01_Cafe_Challenge", "01_Cafe_Challenge\01_Cafe_Challenge.csproj", "{68124FF4-3F18-4196-9907-B151738B4735}"
EndProject
Project("{FAE04EC0-301F-11D3-BF4B-00C04F79EFBC}") = "02_Claims_Challenge", "02_Claims_Challenge\02_Claims_Challenge.csproj", "{F862EA05-F562-40E2-B88B-16097F3F0BA2}"
EndProject
Project("{FAE04EC0-301F-11D3-BF4B-00C04F79EFBC}") = "03_Badge_Challenege", "03_Badge_Challenege\03_Badge_Challenege.csproj", "{73C7C284-658F-4CB6-BAAA-F1D6EF5ADDDC}"
EndProject
Global
	GlobalSection(SolutionConfigurationPlatforms) = preSolution
		Debug|Any CPU = Debug|Any CPU
		Release|Any CPU = Release|Any CPU
	EndGlobalSection
	GlobalSection(ProjectConfigurationPlatforms) = postSolution
		{68124FF4-3F18-4196-9907-B151738B4735}.Debug|Any CPU.ActiveCfg = Debug|Any CPU
		{68124FF4-3F18-4196-9907-B151738B4735}.Debug|Any CPU.Build.0 = Debug|Any CPU
		{68124FF4-3F18-4196-9907-B151738B4735}.Release|Any CPU.ActiveCfg = Release|Any CPU
		{68124FF4-3F18-4196-9907-B151738B4735}.Release|Any CPU.Build.0 = Release|Any CPU
		{F862EA05-F562-40E2-B88B-16097F3F0BA2}.Debug|Any CPU.ActiveCfg = Debug|Any CPU
		{F862EA05-F562-40E2-B88B-16097F3F0BA2}.Debug|Any CPU.Build.0 = Debug|Any CPU
		{F862EA05-F562-40E2-B88B-16097F3F0BA2}.Release|Any CPU.ActiveCfg = Release|Any CPU
		{F862EA05-F562-40E2-B88B-16097F3F0BA2}.Release|Any CPU.Build.0 = Release|Any CPU
		{73C7C284-658F-4CB6-BAAA-F1D6EF5ADDDC}.Debug|Any CPU.ActiveCfg = Debug|Any CPU
		{73C7C284-658F-4CB6-BAAA-F1D6EF5ADDDC}.Debug|Any CPU.Build.0 = Debug|Any CPU
		{73C7C284-658F-4CB6-BAAA-F1D6EF5ADDDC}.Release|Any CPU.ActiveCfg = Release|Any CPU
		{73C7C284-658F-4CB6-BAAA-F1D6EF5ADDDC}.Release|Any CPU.Build.0 = Release|Any CPU
	EndGlobalSection
	GlobalSection(SolutionProperties) = preSolution
		HideSolutionNode = FALSE
	EndGlobalSection
	GlobalSection(ExtensibilityGlobals) = postSolution
		SolutionGuid = {653204F3-FCB5-4498-B003-33E1E2954F13}
	EndGlobalSection
EndGlobal
